
Microsoft Visual Studio Solution File, Format Version 12.00
# Visual Studio Version 17
VisualStudioVersion = 17.6.33815.320
MinimumVisualStudioVersion = 10.0.40219.1
Project("{FAE04EC0-301F-11D3-BF4B-00C04F79EFBC}") = "lingoSimApi", "lingoSimApi.csproj", "{A408063D-2EEE-4893-B20E-ED187F57A6F9}"
EndProject
Global
	GlobalSection(SolutionConfigurationPlatforms) = preSolution
		Debug|Any CPU = Debug|Any CPU
		Release|Any CPU = Release|Any CPU
	EndGlobalSection
	GlobalSection(ProjectConfigurationPlatforms) = postSolution
		{A408063D-2EEE-4893-B20E-ED187F57A6F9}.Debug|Any CPU.ActiveCfg = Debug|Any CPU
		{A408063D-2EEE-4893-B20E-ED187F57A6F9}.Debug|Any CPU.Build.0 = Debug|Any CPU
		{A408063D-2EEE-4893-B20E-ED187F57A6F9}.Release|Any CPU.ActiveCfg = Release|Any CPU
		{A408063D-2EEE-4893-B20E-ED187F57A6F9}.Release|Any CPU.Build.0 = Release|Any CPU
	EndGlobalSection
	GlobalSection(SolutionProperties) = preSolution
		HideSolutionNode = FALSE
	EndGlobalSection
	GlobalSection(ExtensibilityGlobals) = postSolution
		SolutionGuid = {A3824138-8133-408E-9C5C-6F197043F312}
	EndGlobalSection
EndGlobal
